
Microsoft Visual Studio Solution File, Format Version 12.00
# Visual Studio 15
VisualStudioVersion = 15.0.27428.2005
MinimumVisualStudioVersion = 10.0.40219.1
Project("{E24C65DC-7377-472B-9ABA-BC803B73C61A}") = "WebSite9", "WebSite9\", "{496BD850-D374-43CA-B840-9E75C774DD29}"
	ProjectSection(WebsiteProperties) = preProject
		TargetFrameworkMoniker = ".NETFramework,Version%3Dv4.6.1"
		Debug.AspNetCompiler.VirtualPath = "/localhost_62377"
		Debug.AspNetCompiler.PhysicalPath = "WebSite9\"
		Debug.AspNetCompiler.TargetPath = "PrecompiledWeb\localhost_62377\"
		Debug.AspNetCompiler.Updateable = "true"
		Debug.AspNetCompiler.ForceOverwrite = "true"
		Debug.AspNetCompiler.FixedNames = "false"
		Debug.AspNetCompiler.Debug = "True"
		Release.AspNetCompiler.VirtualPath = "/localhost_62377"
		Release.AspNetCompiler.PhysicalPath = "WebSite9\"
		Release.AspNetCompiler.TargetPath = "PrecompiledWeb\localhost_62377\"
		Release.AspNetCompiler.Updateable = "true"
		Release.AspNetCompiler.ForceOverwrite = "true"
		Release.AspNetCompiler.FixedNames = "false"
		Release.AspNetCompiler.Debug = "False"
		VWDPort = "62377"
		SlnRelativePath = "WebSite9\"
		DefaultWebSiteLanguage = "Visual C#"
	EndProjectSection
EndProject
Global
	GlobalSection(SolutionConfigurationPlatforms) = preSolution
		Debug|Any CPU = Debug|Any CPU
	EndGlobalSection
	GlobalSection(ProjectConfigurationPlatforms) = postSolution
		{496BD850-D374-43CA-B840-9E75C774DD29}.Debug|Any CPU.ActiveCfg = Debug|Any CPU
		{496BD850-D374-43CA-B840-9E75C774DD29}.Debug|Any CPU.Build.0 = Debug|Any CPU
	EndGlobalSection
	GlobalSection(SolutionProperties) = preSolution
		HideSolutionNode = FALSE
	EndGlobalSection
	GlobalSection(ExtensibilityGlobals) = postSolution
		SolutionGuid = {FAF17EC6-7B7B-4B2C-808F-30C762A70BD7}
	EndGlobalSection
EndGlobal
